
Microsoft Visual Studio Solution File, Format Version 12.00
# Visual Studio Version 17
VisualStudioVersion = 17.4.33205.214
MinimumVisualStudioVersion = 10.0.40219.1
Project("{FAE04EC0-301F-11D3-BF4B-00C04F79EFBC}") = "ipr", "ipr\ipr.csproj", "{32C49279-D0EB-4A13-9313-A683DC71255D}"
EndProject
Project("{FAE04EC0-301F-11D3-BF4B-00C04F79EFBC}") = "Student", "Student\Student.csproj", "{A0A1BAD2-5324-4A84-8503-9CBFBD653A06}"
EndProject
Project("{FAE04EC0-301F-11D3-BF4B-00C04F79EFBC}") = "StreamService", "StreamService\StreamService.csproj", "{69946A2F-58F9-4479-9223-05D1BF1B940D}"
EndProject
Global
	GlobalSection(SolutionConfigurationPlatforms) = preSolution
		Debug|Any CPU = Debug|Any CPU
		Release|Any CPU = Release|Any CPU
	EndGlobalSection
	GlobalSection(ProjectConfigurationPlatforms) = postSolution
		{32C49279-D0EB-4A13-9313-A683DC71255D}.Debug|Any CPU.ActiveCfg = Debug|Any CPU
		{32C49279-D0EB-4A13-9313-A683DC71255D}.Debug|Any CPU.Build.0 = Debug|Any CPU
		{32C49279-D0EB-4A13-9313-A683DC71255D}.Release|Any CPU.ActiveCfg = Release|Any CPU
		{32C49279-D0EB-4A13-9313-A683DC71255D}.Release|Any CPU.Build.0 = Release|Any CPU
		{A0A1BAD2-5324-4A84-8503-9CBFBD653A06}.Debug|Any CPU.ActiveCfg = Debug|Any CPU
		{A0A1BAD2-5324-4A84-8503-9CBFBD653A06}.Debug|Any CPU.Build.0 = Debug|Any CPU
		{A0A1BAD2-5324-4A84-8503-9CBFBD653A06}.Release|Any CPU.ActiveCfg = Release|Any CPU
		{A0A1BAD2-5324-4A84-8503-9CBFBD653A06}.Release|Any CPU.Build.0 = Release|Any CPU
		{69946A2F-58F9-4479-9223-05D1BF1B940D}.Debug|Any CPU.ActiveCfg = Debug|Any CPU
		{69946A2F-58F9-4479-9223-05D1BF1B940D}.Debug|Any CPU.Build.0 = Debug|Any CPU
		{69946A2F-58F9-4479-9223-05D1BF1B940D}.Release|Any CPU.ActiveCfg = Release|Any CPU
		{69946A2F-58F9-4479-9223-05D1BF1B940D}.Release|Any CPU.Build.0 = Release|Any CPU
	EndGlobalSection
	GlobalSection(SolutionProperties) = preSolution
		HideSolutionNode = FALSE
	EndGlobalSection
	GlobalSection(ExtensibilityGlobals) = postSolution
		SolutionGuid = {5BE0012B-292B-4167-8010-E171ED9B3381}
	EndGlobalSection
EndGlobal
